
Microsoft Visual Studio Solution File, Format Version 12.00
# Visual Studio 15
VisualStudioVersion = 15.0.27130.2020
MinimumVisualStudioVersion = 10.0.40219.1
Project("{FAE04EC0-301F-11D3-BF4B-00C04F79EFBC}") = "Trigon.Net", "Trigon.Net\Trigon.Net.csproj", "{CA4F5458-53DF-430E-A47D-DCC741183B0E}"
EndProject
Project("{FAE04EC0-301F-11D3-BF4B-00C04F79EFBC}") = "Trigon.Net.Test", "Trigon.Net.Test\Trigon.Net.Test.csproj", "{6EB52908-797C-4D30-B360-0AD0A965E4A4}"
EndProject
Global
	GlobalSection(SolutionConfigurationPlatforms) = preSolution
		Debug|Any CPU = Debug|Any CPU
		Release|Any CPU = Release|Any CPU
	EndGlobalSection
	GlobalSection(ProjectConfigurationPlatforms) = postSolution
		{CA4F5458-53DF-430E-A47D-DCC741183B0E}.Debug|Any CPU.ActiveCfg = Debug|Any CPU
		{CA4F5458-53DF-430E-A47D-DCC741183B0E}.Debug|Any CPU.Build.0 = Debug|Any CPU
		{CA4F5458-53DF-430E-A47D-DCC741183B0E}.Release|Any CPU.ActiveCfg = Release|Any CPU
		{CA4F5458-53DF-430E-A47D-DCC741183B0E}.Release|Any CPU.Build.0 = Release|Any CPU
		{6EB52908-797C-4D30-B360-0AD0A965E4A4}.Debug|Any CPU.ActiveCfg = Debug|Any CPU
		{6EB52908-797C-4D30-B360-0AD0A965E4A4}.Debug|Any CPU.Build.0 = Debug|Any CPU
		{6EB52908-797C-4D30-B360-0AD0A965E4A4}.Release|Any CPU.ActiveCfg = Release|Any CPU
		{6EB52908-797C-4D30-B360-0AD0A965E4A4}.Release|Any CPU.Build.0 = Release|Any CPU
	EndGlobalSection
	GlobalSection(SolutionProperties) = preSolution
		HideSolutionNode = FALSE
	EndGlobalSection
	GlobalSection(ExtensibilityGlobals) = postSolution
		SolutionGuid = {752637A7-596A-4266-A3A3-454CFD987ECC}
	EndGlobalSection
EndGlobal
